
Microsoft Visual Studio Solution File, Format Version 12.00
# Visual Studio 14
VisualStudioVersion = 14.0.25420.1
MinimumVisualStudioVersion = 10.0.40219.1
Project("{FAE04EC0-301F-11D3-BF4B-00C04F79EFBC}") = "OpenBooks_Demo", "OpenBooks_Demo\OpenBooks_Demo\OpenBooks_Demo.csproj", "{D387799C-53A5-4C9F-81D3-FFF5388B44E5}"
EndProject
Project("{FAE04EC0-301F-11D3-BF4B-00C04F79EFBC}") = "OpenBooks_Demo.Droid", "OpenBooks_Demo\OpenBooks_Demo.Droid\OpenBooks_Demo.Droid.csproj", "{7C136EC3-E7F3-43EA-8183-3336DE7EBF66}"
EndProject
Project("{FAE04EC0-301F-11D3-BF4B-00C04F79EFBC}") = "OpenBooks_Demo.iOS", "OpenBooks_Demo\OpenBooks_Demo.iOS\OpenBooks_Demo.iOS.csproj", "{EEAE8601-BE06-486E-ACC5-22C938955C1F}"
EndProject
Project("{FAE04EC0-301F-11D3-BF4B-00C04F79EFBC}") = "OpenBooks_Demo.WinPhone", "OpenBooks_Demo\OpenBooks_Demo.WinPhone\OpenBooks_Demo.WinPhone.csproj", "{97AB4806-EBE5-4F8D-9E52-87B222F47508}"
EndProject
Project("{FAE04EC0-301F-11D3-BF4B-00C04F79EFBC}") = "OpenBooks_Demo.UWP", "OpenBooks_Demo\OpenBooks_Demo.UWP\OpenBooks_Demo.UWP.csproj", "{45F3855E-AFAF-41AC-9C54-25E60BDEBEAE}"
EndProject
Project("{FAE04EC0-301F-11D3-BF4B-00C04F79EFBC}") = "OpenBooks_Demo.Windows", "OpenBooks_Demo\OpenBooks_Demo.Windows\OpenBooks_Demo.Windows.csproj", "{A87133FA-7BC4-406D-8D5D-5D431683C032}"
EndProject
Global
	GlobalSection(SolutionConfigurationPlatforms) = preSolution
		Ad-Hoc|Any CPU = Ad-Hoc|Any CPU
		Ad-Hoc|ARM = Ad-Hoc|ARM
		Ad-Hoc|iPhone = Ad-Hoc|iPhone
		Ad-Hoc|iPhoneSimulator = Ad-Hoc|iPhoneSimulator
		Ad-Hoc|x64 = Ad-Hoc|x64
		Ad-Hoc|x86 = Ad-Hoc|x86
		AppStore|Any CPU = AppStore|Any CPU
		AppStore|ARM = AppStore|ARM
		AppStore|iPhone = AppStore|iPhone
		AppStore|iPhoneSimulator = AppStore|iPhoneSimulator
		AppStore|x64 = AppStore|x64
		AppStore|x86 = AppStore|x86
		Debug|Any CPU = Debug|Any CPU
		Debug|ARM = Debug|ARM
		Debug|iPhone = Debug|iPhone
		Debug|iPhoneSimulator = Debug|iPhoneSimulator
		Debug|x64 = Debug|x64
		Debug|x86 = Debug|x86
		Release|Any CPU = Release|Any CPU
		Release|ARM = Release|ARM
		Release|iPhone = Release|iPhone
		Release|iPhoneSimulator = Release|iPhoneSimulator
		Release|x64 = Release|x64
		Release|x86 = Release|x86
	EndGlobalSection
	GlobalSection(ProjectConfigurationPlatforms) = postSolution
		{D387799C-53A5-4C9F-81D3-FFF5388B44E5}.Ad-Hoc|Any CPU.ActiveCfg = Release|Any CPU
		{D387799C-53A5-4C9F-81D3-FFF5388B44E5}.Ad-Hoc|Any CPU.Build.0 = Release|Any CPU
		{D387799C-53A5-4C9F-81D3-FFF5388B44E5}.Ad-Hoc|ARM.ActiveCfg = Release|Any CPU
		{D387799C-53A5-4C9F-81D3-FFF5388B44E5}.Ad-Hoc|ARM.Build.0 = Release|Any CPU
		{D387799C-53A5-4C9F-81D3-FFF5388B44E5}.Ad-Hoc|iPhone.ActiveCfg = Release|Any CPU
		{D387799C-53A5-4C9F-81D3-FFF5388B44E5}.Ad-Hoc|iPhone.Build.0 = Release|Any CPU
		{D387799C-53A5-4C9F-81D3-FFF5388B44E5}.Ad-Hoc|iPhoneSimulator.ActiveCfg = Release|Any CPU
		{D387799C-53A5-4C9F-81D3-FFF5388B44E5}.Ad-Hoc|iPhoneSimulator.Build.0 = Release|Any CPU
		{D387799C-53A5-4C9F-81D3-FFF5388B44E5}.Ad-Hoc|x64.ActiveCfg = Release|Any CPU
		{D387799C-53A5-4C9F-81D3-FFF5388B44E5}.Ad-Hoc|x64.Build.0 = Release|Any CPU
		{D387799C-53A5-4C9F-81D3-FFF5388B44E5}.Ad-Hoc|x86.ActiveCfg = Release|Any CPU
		{D387799C-53A5-4C9F-81D3-FFF5388B44E5}.Ad-Hoc|x86.Build.0 = Release|Any CPU
		{D387799C-53A5-4C9F-81D3-FFF5388B44E5}.AppStore|Any CPU.ActiveCfg = Release|Any CPU
		{D387799C-53A5-4C9F-81D3-FFF5388B44E5}.AppStore|Any CPU.Build.0 = Release|Any CPU
		{D387799C-53A5-4C9F-81D3-FFF5388B44E5}.AppStore|ARM.ActiveCfg = Release|Any CPU
		{D387799C-53A5-4C9F-81D3-FFF5388B44E5}.AppStore|ARM.Build.0 = Release|Any CPU
		{D387799C-53A5-4C9F-81D3-FFF5388B44E5}.AppStore|iPhone.ActiveCfg = Release|Any CPU
		{D387799C-53A5-4C9F-81D3-FFF5388B44E5}.AppStore|iPhone.Build.0 = Release|Any CPU
		{D387799C-53A5-4C9F-81D3-FFF5388B44E5}.AppStore|iPhoneSimulator.ActiveCfg = Release|Any CPU
		{D387799C-53A5-4C9F-81D3-FFF5388B44E5}.AppStore|iPhoneSimulator.Build.0 = Release|Any CPU
		{D387799C-53A5-4C9F-81D3-FFF5388B44E5}.AppStore|x64.ActiveCfg = Release|Any CPU
		{D387799C-53A5-4C9F-81D3-FFF5388B44E5}.AppStore|x64.Build.0 = Release|Any CPU
		{D387799C-53A5-4C9F-81D3-FFF5388B44E5}.AppStore|x86.ActiveCfg = Release|Any CPU
		{D387799C-53A5-4C9F-81D3-FFF5388B44E5}.AppStore|x86.Build.0 = Release|Any CPU
		{D387799C-53A5-4C9F-81D3-FFF5388B44E5}.Debug|Any CPU.ActiveCfg = Debug|Any CPU
		{D387799C-53A5-4C9F-81D3-FFF5388B44E5}.Debug|Any CPU.Build.0 = Debug|Any CPU
		{D387799C-53A5-4C9F-81D3-FFF5388B44E5}.Debug|ARM.ActiveCfg = Debug|Any CPU
		{D387799C-53A5-4C9F-81D3-FFF5388B44E5}.Debug|ARM.Build.0 = Debug|Any CPU
		{D387799C-53A5-4C9F-81D3-FFF5388B44E5}.Debug|iPhone.ActiveCfg = Debug|Any CPU
		{D387799C-53A5-4C9F-81D3-FFF5388B44E5}.Debug|iPhone.Build.0 = Debug|Any CPU
		{D387799C-53A5-4C9F-81D3-FFF5388B44E5}.Debug|iPhoneSimulator.ActiveCfg = Debug|Any CPU
		{D387799C-53A5-4C9F-81D3-FFF5388B44E5}.Debug|iPhoneSimulator.Build.0 = Debug|Any CPU
		{D387799C-53A5-4C9F-81D3-FFF5388B44E5}.Debug|x64.ActiveCfg = Debug|Any CPU
		{D387799C-53A5-4C9F-81D3-FFF5388B44E5}.Debug|x64.Build.0 = Debug|Any CPU
		{D387799C-53A5-4C9F-81D3-FFF5388B44E5}.Debug|x86.ActiveCfg = Debug|Any CPU
		{D387799C-53A5-4C9F-81D3-FFF5388B44E5}.Debug|x86.Build.0 = Debug|Any CPU
		{D387799C-53A5-4C9F-81D3-FFF5388B44E5}.Release|Any CPU.ActiveCfg = Release|Any CPU
		{D387799C-53A5-4C9F-81D3-FFF5388B44E5}.Release|Any CPU.Build.0 = Release|Any CPU
		{D387799C-53A5-4C9F-81D3-FFF5388B44E5}.Release|ARM.ActiveCfg = Release|Any CPU
		{D387799C-53A5-4C9F-81D3-FFF5388B44E5}.Release|ARM.Build.0 = Release|Any CPU
		{D387799C-53A5-4C9F-81D3-FFF5388B44E5}.Release|iPhone.ActiveCfg = Release|Any CPU
		{D387799C-53A5-4C9F-81D3-FFF5388B44E5}.Release|iPhone.Build.0 = Release|Any CPU
		{D387799C-53A5-4C9F-81D3-FFF5388B44E5}.Release|iPhoneSimulator.ActiveCfg = Release|Any CPU
		{D387799C-53A5-4C9F-81D3-FFF5388B44E5}.Release|iPhoneSimulator.Build.0 = Release|Any CPU
		{D387799C-53A5-4C9F-81D3-FFF5388B44E5}.Release|x64.ActiveCfg = Release|Any CPU
		{D387799C-53A5-4C9F-81D3-FFF5388B44E5}.Release|x64.Build.0 = Release|Any CPU
		{D387799C-53A5-4C9F-81D3-FFF5388B44E5}.Release|x86.ActiveCfg = Release|Any CPU
		{D387799C-53A5-4C9F-81D3-FFF5388B44E5}.Release|x86.Build.0 = Release|Any CPU
		{7C136EC3-E7F3-43EA-8183-3336DE7EBF66}.Ad-Hoc|Any CPU.ActiveCfg = Release|Any CPU
		{7C136EC3-E7F3-43EA-8183-3336DE7EBF66}.Ad-Hoc|Any CPU.Build.0 = Release|Any CPU
		{7C136EC3-E7F3-43EA-8183-3336DE7EBF66}.Ad-Hoc|Any CPU.Deploy.0 = Release|Any CPU
		{7C136EC3-E7F3-43EA-8183-3336DE7EBF66}.Ad-Hoc|ARM.ActiveCfg = Release|Any CPU
		{7C136EC3-E7F3-43EA-8183-3336DE7EBF66}.Ad-Hoc|ARM.Build.0 = Release|Any CPU
		{7C136EC3-E7F3-43EA-8183-3336DE7EBF66}.Ad-Hoc|ARM.Deploy.0 = Release|Any CPU
		{7C136EC3-E7F3-43EA-8183-3336DE7EBF66}.Ad-Hoc|iPhone.ActiveCfg = Release|Any CPU
		{7C136EC3-E7F3-43EA-8183-3336DE7EBF66}.Ad-Hoc|iPhone.Build.0 = Release|Any CPU
		{7C136EC3-E7F3-43EA-8183-3336DE7EBF66}.Ad-Hoc|iPhone.Deploy.0 = Release|Any CPU
		{7C136EC3-E7F3-43EA-8183-3336DE7EBF66}.Ad-Hoc|iPhoneSimulator.ActiveCfg = Release|Any CPU
		{7C136EC3-E7F3-43EA-8183-3336DE7EBF66}.Ad-Hoc|iPhoneSimulator.Build.0 = Release|Any CPU
		{7C136EC3-E7F3-43EA-8183-3336DE7EBF66}.Ad-Hoc|iPhoneSimulator.Deploy.0 = Release|Any CPU
		{7C136EC3-E7F3-43EA-8183-3336DE7EBF66}.Ad-Hoc|x64.ActiveCfg = Release|Any CPU
		{7C136EC3-E7F3-43EA-8183-3336DE7EBF66}.Ad-Hoc|x64.Build.0 = Release|Any CPU
		{7C136EC3-E7F3-43EA-8183-3336DE7EBF66}.Ad-Hoc|x64.Deploy.0 = Release|Any CPU
		{7C136EC3-E7F3-43EA-8183-3336DE7EBF66}.Ad-Hoc|x86.ActiveCfg = Release|Any CPU
		{7C136EC3-E7F3-43EA-8183-3336DE7EBF66}.Ad-Hoc|x86.Build.0 = Release|Any CPU
		{7C136EC3-E7F3-43EA-8183-3336DE7EBF66}.Ad-Hoc|x86.Deploy.0 = Release|Any CPU
		{7C136EC3-E7F3-43EA-8183-3336DE7EBF66}.AppStore|Any CPU.ActiveCfg = Release|Any CPU
		{7C136EC3-E7F3-43EA-8183-3336DE7EBF66}.AppStore|Any CPU.Build.0 = Release|Any CPU
		{7C136EC3-E7F3-43EA-8183-3336DE7EBF66}.AppStore|Any CPU.Deploy.0 = Release|Any CPU
		{7C136EC3-E7F3-43EA-8183-3336DE7EBF66}.AppStore|ARM.ActiveCfg = Release|Any CPU
		{7C136EC3-E7F3-43EA-8183-3336DE7EBF66}.AppStore|ARM.Build.0 = Release|Any CPU
		{7C136EC3-E7F3-43EA-8183-3336DE7EBF66}.AppStore|ARM.Deploy.0 = Release|Any CPU
		{7C136EC3-E7F3-43EA-8183-3336DE7EBF66}.AppStore|iPhone.ActiveCfg = Release|Any CPU
		{7C136EC3-E7F3-43EA-8183-3336DE7EBF66}.AppStore|iPhone.Build.0 = Release|Any CPU
		{7C136EC3-E7F3-43EA-8183-3336DE7EBF66}.AppStore|iPhone.Deploy.0 = Release|Any CPU
		{7C136EC3-E7F3-43EA-8183-3336DE7EBF66}.AppStore|iPhoneSimulator.ActiveCfg = Release|Any CPU
		{7C136EC3-E7F3-43EA-8183-3336DE7EBF66}.AppStore|iPhoneSimulator.Build.0 = Release|Any CPU
		{7C136EC3-E7F3-43EA-8183-3336DE7EBF66}.AppStore|iPhoneSimulator.Deploy.0 = Release|Any CPU
		{7C136EC3-E7F3-43EA-8183-3336DE7EBF66}.AppStore|x64.ActiveCfg = Release|Any CPU
		{7C136EC3-E7F3-43EA-8183-3336DE7EBF66}.AppStore|x64.Build.0 = Release|Any CPU
		{7C136EC3-E7F3-43EA-8183-3336DE7EBF66}.AppStore|x64.Deploy.0 = Release|Any CPU
		{7C136EC3-E7F3-43EA-8183-3336DE7EBF66}.AppStore|x86.ActiveCfg = Release|Any CPU
		{7C136EC3-E7F3-43EA-8183-3336DE7EBF66}.AppStore|x86.Build.0 = Release|Any CPU
		{7C136EC3-E7F3-43EA-8183-3336DE7EBF66}.AppStore|x86.Deploy.0 = Release|Any CPU
		{7C136EC3-E7F3-43EA-8183-3336DE7EBF66}.Debug|Any CPU.ActiveCfg = Debug|Any CPU
		{7C136EC3-E7F3-43EA-8183-3336DE7EBF66}.Debug|Any CPU.Build.0 = Debug|Any CPU
		{7C136EC3-E7F3-43EA-8183-3336DE7EBF66}.Debug|Any CPU.Deploy.0 = Debug|Any CPU
		{7C136EC3-E7F3-43EA-8183-3336DE7EBF66}.Debug|ARM.ActiveCfg = Debug|Any CPU
		{7C136EC3-E7F3-43EA-8183-3336DE7EBF66}.Debug|ARM.Build.0 = Debug|Any CPU
		{7C136EC3-E7F3-43EA-8183-3336DE7EBF66}.Debug|ARM.Deploy.0 = Debug|Any CPU
		{7C136EC3-E7F3-43EA-8183-3336DE7EBF66}.Debug|iPhone.ActiveCfg = Debug|Any CPU
		{7C136EC3-E7F3-43EA-8183-3336DE7EBF66}.Debug|iPhone.Build.0 = Debug|Any CPU
		{7C136EC3-E7F3-43EA-8183-3336DE7EBF66}.Debug|iPhone.Deploy.0 = Debug|Any CPU
		{7C136EC3-E7F3-43EA-8183-3336DE7EBF66}.Debug|iPhoneSimulator.ActiveCfg = Debug|Any CPU
		{7C136EC3-E7F3-43EA-8183-3336DE7EBF66}.Debug|iPhoneSimulator.Build.0 = Debug|Any CPU
		{7C136EC3-E7F3-43EA-8183-3336DE7EBF66}.Debug|iPhoneSimulator.Deploy.0 = Debug|Any CPU
		{7C136EC3-E7F3-43EA-8183-3336DE7EBF66}.Debug|x64.ActiveCfg = Debug|Any CPU
		{7C136EC3-E7F3-43EA-8183-3336DE7EBF66}.Debug|x64.Build.0 = Debug|Any CPU
		{7C136EC3-E7F3-43EA-8183-3336DE7EBF66}.Debug|x64.Deploy.0 = Debug|Any CPU
		{7C136EC3-E7F3-43EA-8183-3336DE7EBF66}.Debug|x86.ActiveCfg = Debug|Any CPU
		{7C136EC3-E7F3-43EA-8183-3336DE7EBF66}.Debug|x86.Build.0 = Debug|Any CPU
		{7C136EC3-E7F3-43EA-8183-3336DE7EBF66}.Debug|x86.Deploy.0 = Debug|Any CPU
		{7C136EC3-E7F3-43EA-8183-3336DE7EBF66}.Release|Any CPU.ActiveCfg = Release|Any CPU
		{7C136EC3-E7F3-43EA-8183-3336DE7EBF66}.Release|Any CPU.Build.0 = Release|Any CPU
		{7C136EC3-E7F3-43EA-8183-3336DE7EBF66}.Release|Any CPU.Deploy.0 = Release|Any CPU
		{7C136EC3-E7F3-43EA-8183-3336DE7EBF66}.Release|ARM.ActiveCfg = Release|Any CPU
		{7C136EC3-E7F3-43EA-8183-3336DE7EBF66}.Release|ARM.Build.0 = Release|Any CPU
		{7C136EC3-E7F3-43EA-8183-3336DE7EBF66}.Release|ARM.Deploy.0 = Release|Any CPU
		{7C136EC3-E7F3-43EA-8183-3336DE7EBF66}.Release|iPhone.ActiveCfg = Release|Any CPU
		{7C136EC3-E7F3-43EA-8183-3336DE7EBF66}.Release|iPhone.Build.0 = Release|Any CPU
		{7C136EC3-E7F3-43EA-8183-3336DE7EBF66}.Release|iPhone.Deploy.0 = Release|Any CPU
		{7C136EC3-E7F3-43EA-8183-3336DE7EBF66}.Release|iPhoneSimulator.ActiveCfg = Release|Any CPU
		{7C136EC3-E7F3-43EA-8183-3336DE7EBF66}.Release|iPhoneSimulator.Build.0 = Release|Any CPU
		{7C136EC3-E7F3-43EA-8183-3336DE7EBF66}.Release|iPhoneSimulator.Deploy.0 = Release|Any CPU
		{7C136EC3-E7F3-43EA-8183-3336DE7EBF66}.Release|x64.ActiveCfg = Release|Any CPU
		{7C136EC3-E7F3-43EA-8183-3336DE7EBF66}.Release|x64.Build.0 = Release|Any CPU
		{7C136EC3-E7F3-43EA-8183-3336DE7EBF66}.Release|x64.Deploy.0 = Release|Any CPU
		{7C136EC3-E7F3-43EA-8183-3336DE7EBF66}.Release|x86.ActiveCfg = Release|Any CPU
		{7C136EC3-E7F3-43EA-8183-3336DE7EBF66}.Release|x86.Build.0 = Release|Any CPU
		{7C136EC3-E7F3-43EA-8183-3336DE7EBF66}.Release|x86.Deploy.0 = Release|Any CPU
		{EEAE8601-BE06-486E-ACC5-22C938955C1F}.Ad-Hoc|Any CPU.ActiveCfg = Ad-Hoc|iPhone
		{EEAE8601-BE06-486E-ACC5-22C938955C1F}.Ad-Hoc|ARM.ActiveCfg = Ad-Hoc|iPhone
		{EEAE8601-BE06-486E-ACC5-22C938955C1F}.Ad-Hoc|iPhone.ActiveCfg = Ad-Hoc|iPhone
		{EEAE8601-BE06-486E-ACC5-22C938955C1F}.Ad-Hoc|iPhone.Build.0 = Ad-Hoc|iPhone
		{EEAE8601-BE06-486E-ACC5-22C938955C1F}.Ad-Hoc|iPhoneSimulator.ActiveCfg = Ad-Hoc|iPhoneSimulator
		{EEAE8601-BE06-486E-ACC5-22C938955C1F}.Ad-Hoc|iPhoneSimulator.Build.0 = Ad-Hoc|iPhoneSimulator
		{EEAE8601-BE06-486E-ACC5-22C938955C1F}.Ad-Hoc|x64.ActiveCfg = Ad-Hoc|iPhone
		{EEAE8601-BE06-486E-ACC5-22C938955C1F}.Ad-Hoc|x86.ActiveCfg = Ad-Hoc|iPhone
		{EEAE8601-BE06-486E-ACC5-22C938955C1F}.AppStore|Any CPU.ActiveCfg = AppStore|iPhone
		{EEAE8601-BE06-486E-ACC5-22C938955C1F}.AppStore|ARM.ActiveCfg = AppStore|iPhone
		{EEAE8601-BE06-486E-ACC5-22C938955C1F}.AppStore|iPhone.ActiveCfg = AppStore|iPhone
		{EEAE8601-BE06-486E-ACC5-22C938955C1F}.AppStore|iPhone.Build.0 = AppStore|iPhone
		{EEAE8601-BE06-486E-ACC5-22C938955C1F}.AppStore|iPhoneSimulator.ActiveCfg = AppStore|iPhoneSimulator
		{EEAE8601-BE06-486E-ACC5-22C938955C1F}.AppStore|iPhoneSimulator.Build.0 = AppStore|iPhoneSimulator
		{EEAE8601-BE06-486E-ACC5-22C938955C1F}.AppStore|x64.ActiveCfg = AppStore|iPhone
		{EEAE8601-BE06-486E-ACC5-22C938955C1F}.AppStore|x86.ActiveCfg = AppStore|iPhone
		{EEAE8601-BE06-486E-ACC5-22C938955C1F}.Debug|Any CPU.ActiveCfg = Debug|iPhone
		{EEAE8601-BE06-486E-ACC5-22C938955C1F}.Debug|ARM.ActiveCfg = Debug|iPhone
		{EEAE8601-BE06-486E-ACC5-22C938955C1F}.Debug|iPhone.ActiveCfg = Debug|iPhone
		{EEAE8601-BE06-486E-ACC5-22C938955C1F}.Debug|iPhone.Build.0 = Debug|iPhone
		{EEAE8601-BE06-486E-ACC5-22C938955C1F}.Debug|iPhoneSimulator.ActiveCfg = Debug|iPhoneSimulator
		{EEAE8601-BE06-486E-ACC5-22C938955C1F}.Debug|iPhoneSimulator.Build.0 = Debug|iPhoneSimulator
		{EEAE8601-BE06-486E-ACC5-22C938955C1F}.Debug|x64.ActiveCfg = Debug|iPhone
		{EEAE8601-BE06-486E-ACC5-22C938955C1F}.Debug|x86.ActiveCfg = Debug|iPhone
		{EEAE8601-BE06-486E-ACC5-22C938955C1F}.Release|Any CPU.ActiveCfg = Release|iPhone
		{EEAE8601-BE06-486E-ACC5-22C938955C1F}.Release|ARM.ActiveCfg = Release|iPhone
		{EEAE8601-BE06-486E-ACC5-22C938955C1F}.Release|iPhone.ActiveCfg = Release|iPhone
		{EEAE8601-BE06-486E-ACC5-22C938955C1F}.Release|iPhone.Build.0 = Release|iPhone
		{EEAE8601-BE06-486E-ACC5-22C938955C1F}.Release|iPhoneSimulator.ActiveCfg = Release|iPhoneSimulator
		{EEAE8601-BE06-486E-ACC5-22C938955C1F}.Release|iPhoneSimulator.Build.0 = Release|iPhoneSimulator
		{EEAE8601-BE06-486E-ACC5-22C938955C1F}.Release|x64.ActiveCfg = Release|iPhone
		{EEAE8601-BE06-486E-ACC5-22C938955C1F}.Release|x86.ActiveCfg = Release|iPhone
		{97AB4806-EBE5-4F8D-9E52-87B222F47508}.Ad-Hoc|Any CPU.ActiveCfg = Release|Any CPU
		{97AB4806-EBE5-4F8D-9E52-87B222F47508}.Ad-Hoc|Any CPU.Build.0 = Release|Any CPU
		{97AB4806-EBE5-4F8D-9E52-87B222F47508}.Ad-Hoc|Any CPU.Deploy.0 = Release|Any CPU
		{97AB4806-EBE5-4F8D-9E52-87B222F47508}.Ad-Hoc|ARM.ActiveCfg = Release|ARM
		{97AB4806-EBE5-4F8D-9E52-87B222F47508}.Ad-Hoc|ARM.Build.0 = Release|ARM
		{97AB4806-EBE5-4F8D-9E52-87B222F47508}.Ad-Hoc|ARM.Deploy.0 = Release|ARM
		{97AB4806-EBE5-4F8D-9E52-87B222F47508}.Ad-Hoc|iPhone.ActiveCfg = Release|Any CPU
		{97AB4806-EBE5-4F8D-9E52-87B222F47508}.Ad-Hoc|iPhone.Build.0 = Release|Any CPU
		{97AB4806-EBE5-4F8D-9E52-87B222F47508}.Ad-Hoc|iPhone.Deploy.0 = Release|Any CPU
		{97AB4806-EBE5-4F8D-9E52-87B222F47508}.Ad-Hoc|iPhoneSimulator.ActiveCfg = Release|Any CPU
		{97AB4806-EBE5-4F8D-9E52-87B222F47508}.Ad-Hoc|iPhoneSimulator.Build.0 = Release|Any CPU
		{97AB4806-EBE5-4F8D-9E52-87B222F47508}.Ad-Hoc|iPhoneSimulator.Deploy.0 = Release|Any CPU
		{97AB4806-EBE5-4F8D-9E52-87B222F47508}.Ad-Hoc|x64.ActiveCfg = Release|Any CPU
		{97AB4806-EBE5-4F8D-9E52-87B222F47508}.Ad-Hoc|x64.Build.0 = Release|Any CPU
		{97AB4806-EBE5-4F8D-9E52-87B222F47508}.Ad-Hoc|x64.Deploy.0 = Release|Any CPU
		{97AB4806-EBE5-4F8D-9E52-87B222F47508}.Ad-Hoc|x86.ActiveCfg = Release|x86
		{97AB4806-EBE5-4F8D-9E52-87B222F47508}.Ad-Hoc|x86.Build.0 = Release|x86
		{97AB4806-EBE5-4F8D-9E52-87B222F47508}.Ad-Hoc|x86.Deploy.0 = Release|x86
		{97AB4806-EBE5-4F8D-9E52-87B222F47508}.AppStore|Any CPU.ActiveCfg = Release|Any CPU
		{97AB4806-EBE5-4F8D-9E52-87B222F47508}.AppStore|Any CPU.Build.0 = Release|Any CPU
		{97AB4806-EBE5-4F8D-9E52-87B222F47508}.AppStore|Any CPU.Deploy.0 = Release|Any CPU
		{97AB4806-EBE5-4F8D-9E52-87B222F47508}.AppStore|ARM.ActiveCfg = Release|ARM
		{97AB4806-EBE5-4F8D-9E52-87B222F47508}.AppStore|ARM.Build.0 = Release|ARM
		{97AB4806-EBE5-4F8D-9E52-87B222F47508}.AppStore|ARM.Deploy.0 = Release|ARM
		{97AB4806-EBE5-4F8D-9E52-87B222F47508}.AppStore|iPhone.ActiveCfg = Release|Any CPU
		{97AB4806-EBE5-4F8D-9E52-87B222F47508}.AppStore|iPhone.Build.0 = Release|Any CPU
		{97AB4806-EBE5-4F8D-9E52-87B222F47508}.AppStore|iPhone.Deploy.0 = Release|Any CPU
		{97AB4806-EBE5-4F8D-9E52-87B222F47508}.AppStore|iPhoneSimulator.ActiveCfg = Release|Any CPU
		{97AB4806-EBE5-4F8D-9E52-87B222F47508}.AppStore|iPhoneSimulator.Build.0 = Release|Any CPU
		{97AB4806-EBE5-4F8D-9E52-87B222F47508}.AppStore|iPhoneSimulator.Deploy.0 = Release|Any CPU
		{97AB4806-EBE5-4F8D-9E52-87B222F47508}.AppStore|x64.ActiveCfg = Release|Any CPU
		{97AB4806-EBE5-4F8D-9E52-87B222F47508}.AppStore|x64.Build.0 = Release|Any CPU
		{97AB4806-EBE5-4F8D-9E52-87B222F47508}.AppStore|x64.Deploy.0 = Release|Any CPU
		{97AB4806-EBE5-4F8D-9E52-87B222F47508}.AppStore|x86.ActiveCfg = Release|x86
		{97AB4806-EBE5-4F8D-9E52-87B222F47508}.AppStore|x86.Build.0 = Release|x86
		{97AB4806-EBE5-4F8D-9E52-87B222F47508}.AppStore|x86.Deploy.0 = Release|x86
		{97AB4806-EBE5-4F8D-9E52-87B222F47508}.Debug|Any CPU.ActiveCfg = Debug|Any CPU
		{97AB4806-EBE5-4F8D-9E52-87B222F47508}.Debug|Any CPU.Build.0 = Debug|Any CPU
		{97AB4806-EBE5-4F8D-9E52-87B222F47508}.Debug|Any CPU.Deploy.0 = Debug|Any CPU
		{97AB4806-EBE5-4F8D-9E52-87B222F47508}.Debug|ARM.ActiveCfg = Debug|ARM
		{97AB4806-EBE5-4F8D-9E52-87B222F47508}.Debug|ARM.Build.0 = Debug|ARM
		{97AB4806-EBE5-4F8D-9E52-87B222F47508}.Debug|ARM.Deploy.0 = Debug|ARM
		{97AB4806-EBE5-4F8D-9E52-87B222F47508}.Debug|iPhone.ActiveCfg = Debug|Any CPU
		{97AB4806-EBE5-4F8D-9E52-87B222F47508}.Debug|iPhone.Build.0 = Debug|Any CPU
		{97AB4806-EBE5-4F8D-9E52-87B222F47508}.Debug|iPhone.Deploy.0 = Debug|Any CPU
		{97AB4806-EBE5-4F8D-9E52-87B222F47508}.Debug|iPhoneSimulator.ActiveCfg = Debug|Any CPU
		{97AB4806-EBE5-4F8D-9E52-87B222F47508}.Debug|iPhoneSimulator.Build.0 = Debug|Any CPU
		{97AB4806-EBE5-4F8D-9E52-87B222F47508}.Debug|iPhoneSimulator.Deploy.0 = Debug|Any CPU
		{97AB4806-EBE5-4F8D-9E52-87B222F47508}.Debug|x64.ActiveCfg = Debug|Any CPU
		{97AB4806-EBE5-4F8D-9E52-87B222F47508}.Debug|x64.Build.0 = Debug|Any CPU
		{97AB4806-EBE5-4F8D-9E52-87B222F47508}.Debug|x64.Deploy.0 = Debug|Any CPU
		{97AB4806-EBE5-4F8D-9E52-87B222F47508}.Debug|x86.ActiveCfg = Debug|x86
		{97AB4806-EBE5-4F8D-9E52-87B222F47508}.Debug|x86.Build.0 = Debug|x86
		{97AB4806-EBE5-4F8D-9E52-87B222F47508}.Debug|x86.Deploy.0 = Debug|x86
		{97AB4806-EBE5-4F8D-9E52-87B222F47508}.Release|Any CPU.ActiveCfg = Release|Any CPU
		{97AB4806-EBE5-4F8D-9E52-87B222F47508}.Release|Any CPU.Build.0 = Release|Any CPU
		{97AB4806-EBE5-4F8D-9E52-87B222F47508}.Release|Any CPU.Deploy.0 = Release|Any CPU
		{97AB4806-EBE5-4F8D-9E52-87B222F47508}.Release|ARM.ActiveCfg = Release|ARM
		{97AB4806-EBE5-4F8D-9E52-87B222F47508}.Release|ARM.Build.0 = Release|ARM
		{97AB4806-EBE5-4F8D-9E52-87B222F47508}.Release|ARM.Deploy.0 = Release|ARM
		{97AB4806-EBE5-4F8D-9E52-87B222F47508}.Release|iPhone.ActiveCfg = Release|Any CPU
		{97AB4806-EBE5-4F8D-9E52-87B222F47508}.Release|iPhone.Build.0 = Release|Any CPU
		{97AB4806-EBE5-4F8D-9E52-87B222F47508}.Release|iPhone.Deploy.0 = Release|Any CPU
		{97AB4806-EBE5-4F8D-9E52-87B222F47508}.Release|iPhoneSimulator.ActiveCfg = Release|Any CPU
		{97AB4806-EBE5-4F8D-9E52-87B222F47508}.Release|iPhoneSimulator.Build.0 = Release|Any CPU
		{97AB4806-EBE5-4F8D-9E52-87B222F47508}.Release|iPhoneSimulator.Deploy.0 = Release|Any CPU
		{97AB4806-EBE5-4F8D-9E52-87B222F47508}.Release|x64.ActiveCfg = Release|Any CPU
		{97AB4806-EBE5-4F8D-9E52-87B222F47508}.Release|x64.Build.0 = Release|Any CPU
		{97AB4806-EBE5-4F8D-9E52-87B222F47508}.Release|x64.Deploy.0 = Release|Any CPU
		{97AB4806-EBE5-4F8D-9E52-87B222F47508}.Release|x86.ActiveCfg = Release|x86
		{97AB4806-EBE5-4F8D-9E52-87B222F47508}.Release|x86.Build.0 = Release|x86
		{97AB4806-EBE5-4F8D-9E52-87B222F47508}.Release|x86.Deploy.0 = Release|x86
		{45F3855E-AFAF-41AC-9C54-25E60BDEBEAE}.Ad-Hoc|Any CPU.ActiveCfg = Release|x86
		{45F3855E-AFAF-41AC-9C54-25E60BDEBEAE}.Ad-Hoc|Any CPU.Build.0 = Release|x86
		{45F3855E-AFAF-41AC-9C54-25E60BDEBEAE}.Ad-Hoc|Any CPU.Deploy.0 = Release|x86
		{45F3855E-AFAF-41AC-9C54-25E60BDEBEAE}.Ad-Hoc|ARM.ActiveCfg = Release|ARM
		{45F3855E-AFAF-41AC-9C54-25E60BDEBEAE}.Ad-Hoc|ARM.Build.0 = Release|ARM
		{45F3855E-AFAF-41AC-9C54-25E60BDEBEAE}.Ad-Hoc|ARM.Deploy.0 = Release|ARM
		{45F3855E-AFAF-41AC-9C54-25E60BDEBEAE}.Ad-Hoc|iPhone.ActiveCfg = Release|x86
		{45F3855E-AFAF-41AC-9C54-25E60BDEBEAE}.Ad-Hoc|iPhone.Build.0 = Release|x86
		{45F3855E-AFAF-41AC-9C54-25E60BDEBEAE}.Ad-Hoc|iPhone.Deploy.0 = Release|x86
		{45F3855E-AFAF-41AC-9C54-25E60BDEBEAE}.Ad-Hoc|iPhoneSimulator.ActiveCfg = Release|x86
		{45F3855E-AFAF-41AC-9C54-25E60BDEBEAE}.Ad-Hoc|iPhoneSimulator.Build.0 = Release|x86
		{45F3855E-AFAF-41AC-9C54-25E60BDEBEAE}.Ad-Hoc|iPhoneSimulator.Deploy.0 = Release|x86
		{45F3855E-AFAF-41AC-9C54-25E60BDEBEAE}.Ad-Hoc|x64.ActiveCfg = Release|x64
		{45F3855E-AFAF-41AC-9C54-25E60BDEBEAE}.Ad-Hoc|x64.Build.0 = Release|x64
		{45F3855E-AFAF-41AC-9C54-25E60BDEBEAE}.Ad-Hoc|x64.Deploy.0 = Release|x64
		{45F3855E-AFAF-41AC-9C54-25E60BDEBEAE}.Ad-Hoc|x86.ActiveCfg = Release|x86
		{45F3855E-AFAF-41AC-9C54-25E60BDEBEAE}.Ad-Hoc|x86.Build.0 = Release|x86
		{45F3855E-AFAF-41AC-9C54-25E60BDEBEAE}.Ad-Hoc|x86.Deploy.0 = Release|x86
		{45F3855E-AFAF-41AC-9C54-25E60BDEBEAE}.AppStore|Any CPU.ActiveCfg = Release|x86
		{45F3855E-AFAF-41AC-9C54-25E60BDEBEAE}.AppStore|Any CPU.Build.0 = Release|x86
		{45F3855E-AFAF-41AC-9C54-25E60BDEBEAE}.AppStore|Any CPU.Deploy.0 = Release|x86
		{45F3855E-AFAF-41AC-9C54-25E60BDEBEAE}.AppStore|ARM.ActiveCfg = Release|ARM
		{45F3855E-AFAF-41AC-9C54-25E60BDEBEAE}.AppStore|ARM.Build.0 = Release|ARM
		{45F3855E-AFAF-41AC-9C54-25E60BDEBEAE}.AppStore|ARM.Deploy.0 = Release|ARM
		{45F3855E-AFAF-41AC-9C54-25E60BDEBEAE}.AppStore|iPhone.ActiveCfg = Release|x86
		{45F3855E-AFAF-41AC-9C54-25E60BDEBEAE}.AppStore|iPhone.Build.0 = Release|x86
		{45F3855E-AFAF-41AC-9C54-25E60BDEBEAE}.AppStore|iPhone.Deploy.0 = Release|x86
		{45F3855E-AFAF-41AC-9C54-25E60BDEBEAE}.AppStore|iPhoneSimulator.ActiveCfg = Release|x86
		{45F3855E-AFAF-41AC-9C54-25E60BDEBEAE}.AppStore|iPhoneSimulator.Build.0 = Release|x86
		{45F3855E-AFAF-41AC-9C54-25E60BDEBEAE}.AppStore|iPhoneSimulator.Deploy.0 = Release|x86
		{45F3855E-AFAF-41AC-9C54-25E60BDEBEAE}.AppStore|x64.ActiveCfg = Release|x64
		{45F3855E-AFAF-41AC-9C54-25E60BDEBEAE}.AppStore|x64.Build.0 = Release|x64
		{45F3855E-AFAF-41AC-9C54-25E60BDEBEAE}.AppStore|x64.Deploy.0 = Release|x64
		{45F3855E-AFAF-41AC-9C54-25E60BDEBEAE}.AppStore|x86.ActiveCfg = Release|x86
		{45F3855E-AFAF-41AC-9C54-25E60BDEBEAE}.AppStore|x86.Build.0 = Release|x86
		{45F3855E-AFAF-41AC-9C54-25E60BDEBEAE}.AppStore|x86.Deploy.0 = Release|x86
		{45F3855E-AFAF-41AC-9C54-25E60BDEBEAE}.Debug|Any CPU.ActiveCfg = Debug|x86
		{45F3855E-AFAF-41AC-9C54-25E60BDEBEAE}.Debug|ARM.ActiveCfg = Debug|ARM
		{45F3855E-AFAF-41AC-9C54-25E60BDEBEAE}.Debug|ARM.Build.0 = Debug|ARM
		{45F3855E-AFAF-41AC-9C54-25E60BDEBEAE}.Debug|ARM.Deploy.0 = Debug|ARM
		{45F3855E-AFAF-41AC-9C54-25E60BDEBEAE}.Debug|iPhone.ActiveCfg = Debug|x86
		{45F3855E-AFAF-41AC-9C54-25E60BDEBEAE}.Debug|iPhoneSimulator.ActiveCfg = Debug|x86
		{45F3855E-AFAF-41AC-9C54-25E60BDEBEAE}.Debug|x64.ActiveCfg = Debug|x64
		{45F3855E-AFAF-41AC-9C54-25E60BDEBEAE}.Debug|x64.Build.0 = Debug|x64
		{45F3855E-AFAF-41AC-9C54-25E60BDEBEAE}.Debug|x64.Deploy.0 = Debug|x64
		{45F3855E-AFAF-41AC-9C54-25E60BDEBEAE}.Debug|x86.ActiveCfg = Debug|x86
		{45F3855E-AFAF-41AC-9C54-25E60BDEBEAE}.Debug|x86.Build.0 = Debug|x86
		{45F3855E-AFAF-41AC-9C54-25E60BDEBEAE}.Debug|x86.Deploy.0 = Debug|x86
		{45F3855E-AFAF-41AC-9C54-25E60BDEBEAE}.Release|Any CPU.ActiveCfg = Release|x86
		{45F3855E-AFAF-41AC-9C54-25E60BDEBEAE}.Release|ARM.ActiveCfg = Release|ARM
		{45F3855E-AFAF-41AC-9C54-25E60BDEBEAE}.Release|ARM.Build.0 = Release|ARM
		{45F3855E-AFAF-41AC-9C54-25E60BDEBEAE}.Release|ARM.Deploy.0 = Release|ARM
		{45F3855E-AFAF-41AC-9C54-25E60BDEBEAE}.Release|iPhone.ActiveCfg = Release|x86
		{45F3855E-AFAF-41AC-9C54-25E60BDEBEAE}.Release|iPhoneSimulator.ActiveCfg = Release|x86
		{45F3855E-AFAF-41AC-9C54-25E60BDEBEAE}.Release|x64.ActiveCfg = Release|x64
		{45F3855E-AFAF-41AC-9C54-25E60BDEBEAE}.Release|x64.Build.0 = Release|x64
		{45F3855E-AFAF-41AC-9C54-25E60BDEBEAE}.Release|x64.Deploy.0 = Release|x64
		{45F3855E-AFAF-41AC-9C54-25E60BDEBEAE}.Release|x86.ActiveCfg = Release|x86
		{45F3855E-AFAF-41AC-9C54-25E60BDEBEAE}.Release|x86.Build.0 = Release|x86
		{45F3855E-AFAF-41AC-9C54-25E60BDEBEAE}.Release|x86.Deploy.0 = Release|x86
		{A87133FA-7BC4-406D-8D5D-5D431683C032}.Ad-Hoc|Any CPU.ActiveCfg = Release|Any CPU
		{A87133FA-7BC4-406D-8D5D-5D431683C032}.Ad-Hoc|Any CPU.Build.0 = Release|Any CPU
		{A87133FA-7BC4-406D-8D5D-5D431683C032}.Ad-Hoc|Any CPU.Deploy.0 = Release|Any CPU
		{A87133FA-7BC4-406D-8D5D-5D431683C032}.Ad-Hoc|ARM.ActiveCfg = Release|ARM
		{A87133FA-7BC4-406D-8D5D-5D431683C032}.Ad-Hoc|ARM.Build.0 = Release|ARM
		{A87133FA-7BC4-406D-8D5D-5D431683C032}.Ad-Hoc|ARM.Deploy.0 = Release|ARM
		{A87133FA-7BC4-406D-8D5D-5D431683C032}.Ad-Hoc|iPhone.ActiveCfg = Release|Any CPU
		{A87133FA-7BC4-406D-8D5D-5D431683C032}.Ad-Hoc|iPhone.Build.0 = Release|Any CPU
		{A87133FA-7BC4-406D-8D5D-5D431683C032}.Ad-Hoc|iPhone.Deploy.0 = Release|Any CPU
		{A87133FA-7BC4-406D-8D5D-5D431683C032}.Ad-Hoc|iPhoneSimulator.ActiveCfg = Release|Any CPU
		{A87133FA-7BC4-406D-8D5D-5D431683C032}.Ad-Hoc|iPhoneSimulator.Build.0 = Release|Any CPU
		{A87133FA-7BC4-406D-8D5D-5D431683C032}.Ad-Hoc|iPhoneSimulator.Deploy.0 = Release|Any CPU
		{A87133FA-7BC4-406D-8D5D-5D431683C032}.Ad-Hoc|x64.ActiveCfg = Release|x64
		{A87133FA-7BC4-406D-8D5D-5D431683C032}.Ad-Hoc|x64.Build.0 = Release|x64
		{A87133FA-7BC4-406D-8D5D-5D431683C032}.Ad-Hoc|x64.Deploy.0 = Release|x64
		{A87133FA-7BC4-406D-8D5D-5D431683C032}.Ad-Hoc|x86.ActiveCfg = Release|x86
		{A87133FA-7BC4-406D-8D5D-5D431683C032}.Ad-Hoc|x86.Build.0 = Release|x86
		{A87133FA-7BC4-406D-8D5D-5D431683C032}.Ad-Hoc|x86.Deploy.0 = Release|x86
		{A87133FA-7BC4-406D-8D5D-5D431683C032}.AppStore|Any CPU.ActiveCfg = Release|Any CPU
		{A87133FA-7BC4-406D-8D5D-5D431683C032}.AppStore|Any CPU.Build.0 = Release|Any CPU
		{A87133FA-7BC4-406D-8D5D-5D431683C032}.AppStore|Any CPU.Deploy.0 = Release|Any CPU
		{A87133FA-7BC4-406D-8D5D-5D431683C032}.AppStore|ARM.ActiveCfg = Release|ARM
		{A87133FA-7BC4-406D-8D5D-5D431683C032}.AppStore|ARM.Build.0 = Release|ARM
		{A87133FA-7BC4-406D-8D5D-5D431683C032}.AppStore|ARM.Deploy.0 = Release|ARM
		{A87133FA-7BC4-406D-8D5D-5D431683C032}.AppStore|iPhone.ActiveCfg = Release|Any CPU
		{A87133FA-7BC4-406D-8D5D-5D431683C032}.AppStore|iPhone.Build.0 = Release|Any CPU
		{A87133FA-7BC4-406D-8D5D-5D431683C032}.AppStore|iPhone.Deploy.0 = Release|Any CPU
		{A87133FA-7BC4-406D-8D5D-5D431683C032}.AppStore|iPhoneSimulator.ActiveCfg = Release|Any CPU
		{A87133FA-7BC4-406D-8D5D-5D431683C032}.AppStore|iPhoneSimulator.Build.0 = Release|Any CPU
		{A87133FA-7BC4-406D-8D5D-5D431683C032}.AppStore|iPhoneSimulator.Deploy.0 = Release|Any CPU
		{A87133FA-7BC4-406D-8D5D-5D431683C032}.AppStore|x64.ActiveCfg = Release|x64
		{A87133FA-7BC4-406D-8D5D-5D431683C032}.AppStore|x64.Build.0 = Release|x64
		{A87133FA-7BC4-406D-8D5D-5D431683C032}.AppStore|x64.Deploy.0 = Release|x64
		{A87133FA-7BC4-406D-8D5D-5D431683C032}.AppStore|x86.ActiveCfg = Release|x86
		{A87133FA-7BC4-406D-8D5D-5D431683C032}.AppStore|x86.Build.0 = Release|x86
		{A87133FA-7BC4-406D-8D5D-5D431683C032}.AppStore|x86.Deploy.0 = Release|x86
		{A87133FA-7BC4-406D-8D5D-5D431683C032}.Debug|Any CPU.ActiveCfg = Debug|Any CPU
		{A87133FA-7BC4-406D-8D5D-5D431683C032}.Debug|Any CPU.Build.0 = Debug|Any CPU
		{A87133FA-7BC4-406D-8D5D-5D431683C032}.Debug|Any CPU.Deploy.0 = Debug|Any CPU
		{A87133FA-7BC4-406D-8D5D-5D431683C032}.Debug|ARM.ActiveCfg = Debug|ARM
		{A87133FA-7BC4-406D-8D5D-5D431683C032}.Debug|ARM.Build.0 = Debug|ARM
		{A87133FA-7BC4-406D-8D5D-5D431683C032}.Debug|ARM.Deploy.0 = Debug|ARM
		{A87133FA-7BC4-406D-8D5D-5D431683C032}.Debug|iPhone.ActiveCfg = Debug|Any CPU
		{A87133FA-7BC4-406D-8D5D-5D431683C032}.Debug|iPhone.Build.0 = Debug|Any CPU
		{A87133FA-7BC4-406D-8D5D-5D431683C032}.Debug|iPhone.Deploy.0 = Debug|Any CPU
		{A87133FA-7BC4-406D-8D5D-5D431683C032}.Debug|iPhoneSimulator.ActiveCfg = Debug|Any CPU
		{A87133FA-7BC4-406D-8D5D-5D431683C032}.Debug|iPhoneSimulator.Build.0 = Debug|Any CPU
		{A87133FA-7BC4-406D-8D5D-5D431683C032}.Debug|iPhoneSimulator.Deploy.0 = Debug|Any CPU
		{A87133FA-7BC4-406D-8D5D-5D431683C032}.Debug|x64.ActiveCfg = Debug|x64
		{A87133FA-7BC4-406D-8D5D-5D431683C032}.Debug|x64.Build.0 = Debug|x64
		{A87133FA-7BC4-406D-8D5D-5D431683C032}.Debug|x64.Deploy.0 = Debug|x64
		{A87133FA-7BC4-406D-8D5D-5D431683C032}.Debug|x86.ActiveCfg = Debug|x86
		{A87133FA-7BC4-406D-8D5D-5D431683C032}.Debug|x86.Build.0 = Debug|x86
		{A87133FA-7BC4-406D-8D5D-5D431683C032}.Debug|x86.Deploy.0 = Debug|x86
		{A87133FA-7BC4-406D-8D5D-5D431683C032}.Release|Any CPU.ActiveCfg = Release|Any CPU
		{A87133FA-7BC4-406D-8D5D-5D431683C032}.Release|Any CPU.Build.0 = Release|Any CPU
		{A87133FA-7BC4-406D-8D5D-5D431683C032}.Release|Any CPU.Deploy.0 = Release|Any CPU
		{A87133FA-7BC4-406D-8D5D-5D431683C032}.Release|ARM.ActiveCfg = Release|ARM
		{A87133FA-7BC4-406D-8D5D-5D431683C032}.Release|ARM.Build.0 = Release|ARM
		{A87133FA-7BC4-406D-8D5D-5D431683C032}.Release|ARM.Deploy.0 = Release|ARM
		{A87133FA-7BC4-406D-8D5D-5D431683C032}.Release|iPhone.ActiveCfg = Release|Any CPU
		{A87133FA-7BC4-406D-8D5D-5D431683C032}.Release|iPhone.Build.0 = Release|Any CPU
		{A87133FA-7BC4-406D-8D5D-5D431683C032}.Release|iPhone.Deploy.0 = Release|Any CPU
		{A87133FA-7BC4-406D-8D5D-5D431683C032}.Release|iPhoneSimulator.ActiveCfg = Release|Any CPU
		{A87133FA-7BC4-406D-8D5D-5D431683C032}.Release|iPhoneSimulator.Build.0 = Release|Any CPU
		{A87133FA-7BC4-406D-8D5D-5D431683C032}.Release|iPhoneSimulator.Deploy.0 = Release|Any CPU
		{A87133FA-7BC4-406D-8D5D-5D431683C032}.Release|x64.ActiveCfg = Release|x64
		{A87133FA-7BC4-406D-8D5D-5D431683C032}.Release|x64.Build.0 = Release|x64
		{A87133FA-7BC4-406D-8D5D-5D431683C032}.Release|x64.Deploy.0 = Release|x64
		{A87133FA-7BC4-406D-8D5D-5D431683C032}.Release|x86.ActiveCfg = Release|x86
		{A87133FA-7BC4-406D-8D5D-5D431683C032}.Release|x86.Build.0 = Release|x86
		{A87133FA-7BC4-406D-8D5D-5D431683C032}.Release|x86.Deploy.0 = Release|x86
	EndGlobalSection
	GlobalSection(SolutionProperties) = preSolution
		HideSolutionNode = FALSE
	EndGlobalSection
EndGlobal
